
Microsoft Visual Studio Solution File, Format Version 12.00
# Visual Studio Version 16
VisualStudioVersion = 16.0.31205.134
MinimumVisualStudioVersion = 10.0.40219.1
Project("{9A19103F-16F7-4668-BE54-9A1E7A4F7556}") = "TvojaBiblioteka", "TvojaBiblioteka\TvojaBiblioteka.csproj", "{879367F8-CE0B-4E45-B759-C739541A1FEE}"
EndProject
Project("{FAE04EC0-301F-11D3-BF4B-00C04F79EFBC}") = "TvojaBiblioteka.Persistence", "TvojaBiblioteka.Persistence\TvojaBiblioteka.Persistence.csproj", "{021ADBF3-617B-4B7D-8108-8E788E9BE9A4}"
EndProject
Global
	GlobalSection(SolutionConfigurationPlatforms) = preSolution
		Debug|Any CPU = Debug|Any CPU
		Release|Any CPU = Release|Any CPU
	EndGlobalSection
	GlobalSection(ProjectConfigurationPlatforms) = postSolution
		{879367F8-CE0B-4E45-B759-C739541A1FEE}.Debug|Any CPU.ActiveCfg = Debug|Any CPU
		{879367F8-CE0B-4E45-B759-C739541A1FEE}.Debug|Any CPU.Build.0 = Debug|Any CPU
		{879367F8-CE0B-4E45-B759-C739541A1FEE}.Release|Any CPU.ActiveCfg = Release|Any CPU
		{879367F8-CE0B-4E45-B759-C739541A1FEE}.Release|Any CPU.Build.0 = Release|Any CPU
		{021ADBF3-617B-4B7D-8108-8E788E9BE9A4}.Debug|Any CPU.ActiveCfg = Debug|Any CPU
		{021ADBF3-617B-4B7D-8108-8E788E9BE9A4}.Debug|Any CPU.Build.0 = Debug|Any CPU
		{021ADBF3-617B-4B7D-8108-8E788E9BE9A4}.Release|Any CPU.ActiveCfg = Release|Any CPU
		{021ADBF3-617B-4B7D-8108-8E788E9BE9A4}.Release|Any CPU.Build.0 = Release|Any CPU
	EndGlobalSection
	GlobalSection(SolutionProperties) = preSolution
		HideSolutionNode = FALSE
	EndGlobalSection
	GlobalSection(ExtensibilityGlobals) = postSolution
		SolutionGuid = {4FA1AEDA-E131-4499-A67D-034F5BDA3BF1}
	EndGlobalSection
EndGlobal
